
Microsoft Visual Studio Solution File, Format Version 12.00
# Visual Studio 14
VisualStudioVersion = 14.0.25420.1
MinimumVisualStudioVersion = 10.0.40219.1
Project("{8BB2217D-0F2D-49D1-97BC-3654ED321F3B}") = "App", "App\App.xproj", "{84485F9F-677D-4FFE-B11C-AA19EF7C1BFC}"
EndProject
Project("{8BB2217D-0F2D-49D1-97BC-3654ED321F3B}") = "DemoApp", "DemoApp\DemoApp.xproj", "{B0B856A0-2E9A-4AB5-90F5-12A4CD145B03}"
EndProject
Project("{FAE04EC0-301F-11D3-BF4B-00C04F79EFBC}") = "TestProj", "TestProj\TestProj.csproj", "{86ACA0B8-9488-46F5-B36F-6B37693F65A9}"
EndProject
Project("{2150E333-8FDC-42A3-9474-1A3956D46DE8}") = "T4", "T4", "{00049C29-F94D-481C-B4E6-F5B42DC22DB1}"
	ProjectSection(SolutionItems) = preProject
		T4\CustomModel.tt = T4\CustomModel.tt
	EndProjectSection
EndProject
Global
	GlobalSection(SolutionConfigurationPlatforms) = preSolution
		Debug|Any CPU = Debug|Any CPU
		Release|Any CPU = Release|Any CPU
	EndGlobalSection
	GlobalSection(ProjectConfigurationPlatforms) = postSolution
		{84485F9F-677D-4FFE-B11C-AA19EF7C1BFC}.Debug|Any CPU.ActiveCfg = Debug|Any CPU
		{84485F9F-677D-4FFE-B11C-AA19EF7C1BFC}.Debug|Any CPU.Build.0 = Debug|Any CPU
		{84485F9F-677D-4FFE-B11C-AA19EF7C1BFC}.Release|Any CPU.ActiveCfg = Release|Any CPU
		{84485F9F-677D-4FFE-B11C-AA19EF7C1BFC}.Release|Any CPU.Build.0 = Release|Any CPU
		{B0B856A0-2E9A-4AB5-90F5-12A4CD145B03}.Debug|Any CPU.ActiveCfg = Debug|Any CPU
		{B0B856A0-2E9A-4AB5-90F5-12A4CD145B03}.Debug|Any CPU.Build.0 = Debug|Any CPU
		{B0B856A0-2E9A-4AB5-90F5-12A4CD145B03}.Release|Any CPU.ActiveCfg = Release|Any CPU
		{B0B856A0-2E9A-4AB5-90F5-12A4CD145B03}.Release|Any CPU.Build.0 = Release|Any CPU
		{86ACA0B8-9488-46F5-B36F-6B37693F65A9}.Debug|Any CPU.ActiveCfg = Debug|Any CPU
		{86ACA0B8-9488-46F5-B36F-6B37693F65A9}.Debug|Any CPU.Build.0 = Debug|Any CPU
		{86ACA0B8-9488-46F5-B36F-6B37693F65A9}.Release|Any CPU.ActiveCfg = Release|Any CPU
		{86ACA0B8-9488-46F5-B36F-6B37693F65A9}.Release|Any CPU.Build.0 = Release|Any CPU
	EndGlobalSection
	GlobalSection(SolutionProperties) = preSolution
		HideSolutionNode = FALSE
	EndGlobalSection
EndGlobal
